
Microsoft Visual Studio Solution File, Format Version 12.00
# Visual Studio 2013
VisualStudioVersion = 12.0.31101.0
MinimumVisualStudioVersion = 10.0.40219.1
Project("{FAE04EC0-301F-11D3-BF4B-00C04F79EFBC}") = "FileExporter", "FileExporter\FileExporter.csproj", "{CF9F6003-83DF-4FD3-B450-8815B2520A48}"
EndProject
Project("{FAE04EC0-301F-11D3-BF4B-00C04F79EFBC}") = "AdoManager", "AdoManager\AdoManager.csproj", "{C6A52698-9C02-49F4-B848-CDFFC6562215}"
EndProject
Global
	GlobalSection(SolutionConfigurationPlatforms) = preSolution
		Debug|Any CPU = Debug|Any CPU
		Release|Any CPU = Release|Any CPU
	EndGlobalSection
	GlobalSection(ProjectConfigurationPlatforms) = postSolution
		{CF9F6003-83DF-4FD3-B450-8815B2520A48}.Debug|Any CPU.ActiveCfg = Debug|Any CPU
		{CF9F6003-83DF-4FD3-B450-8815B2520A48}.Debug|Any CPU.Build.0 = Debug|Any CPU
		{CF9F6003-83DF-4FD3-B450-8815B2520A48}.Release|Any CPU.ActiveCfg = Release|Any CPU
		{CF9F6003-83DF-4FD3-B450-8815B2520A48}.Release|Any CPU.Build.0 = Release|Any CPU
		{C6A52698-9C02-49F4-B848-CDFFC6562215}.Debug|Any CPU.ActiveCfg = Debug|Any CPU
		{C6A52698-9C02-49F4-B848-CDFFC6562215}.Debug|Any CPU.Build.0 = Debug|Any CPU
		{C6A52698-9C02-49F4-B848-CDFFC6562215}.Release|Any CPU.ActiveCfg = Release|Any CPU
		{C6A52698-9C02-49F4-B848-CDFFC6562215}.Release|Any CPU.Build.0 = Release|Any CPU
	EndGlobalSection
	GlobalSection(SolutionProperties) = preSolution
		HideSolutionNode = FALSE
	EndGlobalSection
EndGlobal
